# THIS IS AN AUTOGENERATED FILE. DO NOT EDIT THIS FILE DIRECTLY.
# yarn lockfile v1


"@ardatan/string-interpolation@1.2.12":
  version "1.2.12"
  resolved "https://registry.yarnpkg.com/@ardatan/string-interpolation/-/string-interpolation-1.2.12.tgz#8b86820238a93f716d9b8bc9b8f3178bcada4356"
  integrity sha512-v5hlEaLrJNmC6aDXTVKsmMmr2wI5Z0VFGqXbXbhhvj8hJ8rCYJ5l1G8oUBf/ypW4PWtS65JwJocBQg1qAfTY+Q==
  dependencies:
    lodash "^4.17.21"

"@graphql-mesh/types@0.51.0":
  version "0.51.0"
  resolved "https://registry.yarnpkg.com/@graphql-mesh/types/-/types-0.51.0.tgz#b2be8aeb7da5cfb5c7511911bb4dd46a16e0a4d4"
  integrity sha512-NJnAukAjp3pWvNOljKWOv7zYvnOu1wkS7KoJht9dK7SCdxKeczqNrG/ERUo02qOy1f4+FxScF/d6tGq0JykMkQ==
  dependencies:
    "@graphql-tools/delegate" "8.2.2"
    "@graphql-tools/utils" "8.2.5"
    "@graphql-typed-document-node/core" "3.1.0"
    fetchache "0.1.1"

"@graphql-mesh/utils@0.17.2":
  version "0.17.2"
  resolved "https://registry.yarnpkg.com/@graphql-mesh/utils/-/utils-0.17.2.tgz#928cdb94a46798a7f87dcc10ae381d6b5de2de43"
  integrity sha512-kR4UnG1JxrsXY1WGWOvk3ikmrz7/4euVRPxPyCr7EqPCX0REPoKw8vvB7aBmNQEBT/nJZ7ef7HK6F38jEvFCYA==
  dependencies:
    "@ardatan/string-interpolation" "1.2.12"
    "@graphql-mesh/types" "0.51.0"
    "@graphql-tools/delegate" "8.2.2"
    "@graphql-tools/utils" "8.2.5"
    "@graphql-typed-document-node/core" "3.1.0"
    chalk "4.1.2"
    cross-fetch "3.1.4"
    date-fns "2.25.0"
    fetchache "0.1.1"
    flatstr "1.0.12"
    graphql-jit "0.6.0"
    graphql-subscriptions "1.2.1"
    is-url "1.2.4"
    js-yaml "4.1.0"
    lodash "4.17.21"
    object-hash "2.2.0"
    tiny-lru "7.0.6"

"@graphql-tools/batch-delegate@8.1.0":
  version "8.1.0"
  resolved "https://registry.yarnpkg.com/@graphql-tools/batch-delegate/-/batch-delegate-8.1.0.tgz#3214703a43084c6fc8ee6c949ce181fd8cee117a"
  integrity sha512-iebquVJEjfP6QGUiQR5V1xdnB+rJbfIHYHBHQc5X/W6wUD4NlaovjGXTDHiEl/B72TWVRtpuOs4KO0WT+GKO4Q==
  dependencies:
    "@graphql-tools/delegate" "^8.2.0"
    "@graphql-tools/utils" "^8.2.0"
    dataloader "2.0.0"
    tslib "~2.3.0"

"@graphql-tools/batch-execute@^8.1.1":
  version "8.1.1"
  resolved "https://registry.yarnpkg.com/@graphql-tools/batch-execute/-/batch-execute-8.1.1.tgz#16c62a141304f81b5eb102fcbadbcac500e2aee4"
  integrity sha512-euRh9Fxhrpb99sbPk++hPHEZ9c0zmLfh/1zOk2BMxWOic65WlNDuFsNV2S6ddlruu9PNL6dEpBteiTfRWxpMfw==
  dependencies:
    "@graphql-tools/utils" "^8.2.4"
    dataloader "2.0.0"
    tslib "~2.3.0"
    value-or-promise "1.0.10"

"@graphql-tools/delegate@8.2.2", "@graphql-tools/delegate@^8.2.0":
  version "8.2.2"
  resolved "https://registry.yarnpkg.com/@graphql-tools/delegate/-/delegate-8.2.2.tgz#35a4931d95160e4bd0ef5f21e63bfb182f03e5f9"
  integrity sha512-1fV9JePOBjYHwcYEhKkYDU9S0ttDs1qZHh8KvkJc05fH57ahsdedm97s4l8YNBaaXqLVjSq8aTUEsXqOZ/Fefg==
  dependencies:
    "@graphql-tools/batch-execute" "^8.1.1"
    "@graphql-tools/schema" "^8.2.0"
    "@graphql-tools/utils" "^8.2.4"
    dataloader "2.0.0"
    tslib "~2.3.0"
    value-or-promise "1.0.10"

"@graphql-tools/merge@^8.1.0":
  version "8.1.2"
  resolved "https://registry.yarnpkg.com/@graphql-tools/merge/-/merge-8.1.2.tgz#50f5763927c51de764d09c5bfd20261671976e24"
  integrity sha512-kFLd4kKNJXYXnKIhM8q9zgGAtbLmsy3WmGdDxYq3YHBJUogucAxnivQYyRIseUq37KGmSAIWu3pBQ23TKGsGOw==
  dependencies:
    "@graphql-tools/utils" "^8.2.2"
    tslib "~2.3.0"

"@graphql-tools/resolvers-composition@6.4.0":
  version "6.4.0"
  resolved "https://registry.yarnpkg.com/@graphql-tools/resolvers-composition/-/resolvers-composition-6.4.0.tgz#f45a1e7fa0232ff5d160c711063ae0b178910014"
  integrity sha512-YkAmpIzyFtto9aDp/FysuyPb/tPba/gXYYvlN2vdBkE9nRU8ms8Fwhnroek0pW5ipjZAhpQZsZPVVpzSwldj3A==
  dependencies:
    "@graphql-tools/utils" "^8.2.0"
    lodash "4.17.21"
    micromatch "^4.0.4"
    tslib "~2.3.0"

"@graphql-tools/schema@8.2.0", "@graphql-tools/schema@^8.2.0":
  version "8.2.0"
  resolved "https://registry.yarnpkg.com/@graphql-tools/schema/-/schema-8.2.0.tgz#ae75cbb2df6cee9ed6d89fce56be467ab23758dc"
  integrity sha512-ufmI5mJQa8NJczzfkh0pUttKvspqDcT5LLakA3jUmOrrE4d4NVj6onZlazdTzF5sAepSNqanFnwhrxZpCAJMKg==
  dependencies:
    "@graphql-tools/merge" "^8.1.0"
    "@graphql-tools/utils" "^8.2.0"
    tslib "~2.3.0"
    value-or-promise "1.0.10"

"@graphql-tools/utils@8.2.5", "@graphql-tools/utils@^8.0.0", "@graphql-tools/utils@^8.2.0", "@graphql-tools/utils@^8.2.2", "@graphql-tools/utils@^8.2.4":
  version "8.2.5"
  resolved "https://registry.yarnpkg.com/@graphql-tools/utils/-/utils-8.2.5.tgz#695e6d760c1187ad2b159d5d3c4696eff9c08a27"
  integrity sha512-k/Rktklhy22dQfbJLKiLGfQymQCTr6Rd2BilC7g2Yk6wFSzVLYr8jeXNoTD+/p61XBQzBjTVayskvaMvNS3BDg==
  dependencies:
    tslib "~2.3.0"

"@graphql-tools/wrap@8.1.1":
  version "8.1.1"
  resolved "https://registry.yarnpkg.com/@graphql-tools/wrap/-/wrap-8.1.1.tgz#7003033372d6ef984065028430429655614af899"
  integrity sha512-Z2ylFug2iHMbpcc2Bs/avNTKmhoJrUO6l0JrQbgiZZJWBaBz6yw+fyfL/kCLQluiU5/SXsvUxxPGBQ9tqb864g==
  dependencies:
    "@graphql-tools/delegate" "^8.2.0"
    "@graphql-tools/schema" "^8.2.0"
    "@graphql-tools/utils" "^8.2.0"
    tslib "~2.3.0"
    value-or-promise "1.0.10"

"@graphql-typed-document-node/core@3.1.0":
  version "3.1.0"
  resolved "https://registry.yarnpkg.com/@graphql-typed-document-node/core/-/core-3.1.0.tgz#0eee6373e11418bfe0b5638f654df7a4ca6a3950"
  integrity sha512-wYn6r8zVZyQJ6rQaALBEln5B1pzxb9shV5Ef97kTvn6yVGrqyXVnDqnU24MXnFubR+rZjBY9NWuxX3FB2sTsjg==

"@n1ru4l/graphql-live-query@0.8.1":
  version "0.8.1"
  resolved "https://registry.yarnpkg.com/@n1ru4l/graphql-live-query/-/graphql-live-query-0.8.1.tgz#2d6ca6157dafdc5d122a1aeb623b43e939c4b238"
  integrity sha512-x5SLY+L9/5s07OJprISXx4csNBPF74UZeTI01ZPSaxOtRz2Gljk652kSPf6OjMLtx5uATr35O0M3G0LYhHBLtg==

"@n1ru4l/in-memory-live-query-store@0.7.2":
  version "0.7.2"
  resolved "https://registry.yarnpkg.com/@n1ru4l/in-memory-live-query-store/-/in-memory-live-query-store-0.7.2.tgz#3c6463ce9b139e95300aac806544bd11226d9048"
  integrity sha512-t+NYoxx2vd4Mlc7ndybST+6JNumsMOBrg2ptzDHMFu8h/6CC3Cz3CLugeKCbCgNg39tMx7S6hHmUhJVbJF6DZA==
  dependencies:
    "@graphql-tools/utils" "^8.0.0"
    "@n1ru4l/graphql-live-query" "0.8.1"
    "@n1ru4l/push-pull-async-iterable-iterator" "^3.0.0"

"@n1ru4l/push-pull-async-iterable-iterator@^3.0.0":
  version "3.0.0"
  resolved "https://registry.yarnpkg.com/@n1ru4l/push-pull-async-iterable-iterator/-/push-pull-async-iterable-iterator-3.0.0.tgz#22dc34094c2de5f21b9a798d0ffab16b45de0eb7"
  integrity sha512-gwoIwo/Dt1GOI+lbcG1G7IeRM2K+Fo0op3OGyFJ4tXUCf2a3Q8lUCm81aoevrXC0nu4gbAXeOWy7wWxjpSvZUw==

ajv@^6.11.0:
  version "6.12.6"
  resolved "https://registry.yarnpkg.com/ajv/-/ajv-6.12.6.tgz#baf5a62e802b07d977034586f8c3baf5adf26df4"
  integrity sha512-j3fVLgvTo527anyYyJOGTYJbG+vnnQYvE0m5mmkc1TK+nxAppkCLMIL0aZ4dblVCNoGShhm+kzE4ZUykBoMg4g==
  dependencies:
    fast-deep-equal "^3.1.1"
    fast-json-stable-stringify "^2.0.0"
    json-schema-traverse "^0.4.1"
    uri-js "^4.2.2"

ansi-styles@^4.1.0:
  version "4.3.0"
  resolved "https://registry.yarnpkg.com/ansi-styles/-/ansi-styles-4.3.0.tgz#edd803628ae71c04c85ae7a0906edad34b648937"
  integrity sha512-zbB9rCJAT1rbjiVDb2hqKFHNYLxgtk8NURxZ3IZwD3F6NtxbXZQCnnSi1Lkx+IDohdPlFp222wVALIheZJQSEg==
  dependencies:
    color-convert "^2.0.1"

argparse@^2.0.1:
  version "2.0.1"
  resolved "https://registry.yarnpkg.com/argparse/-/argparse-2.0.1.tgz#246f50f3ca78a3240f6c997e8a9bd1eac49e4b38"
  integrity sha512-8+9WqebbFzpX9OR+Wa6O29asIogeRMzcGtAINdpMHHyAg10f05aSFVBbcEqGf/PXw1EjAZ+q2/bEBg3DvurK3Q==

braces@^3.0.1:
  version "3.0.2"
  resolved "https://registry.yarnpkg.com/braces/-/braces-3.0.2.tgz#3454e1a462ee8d599e236df336cd9ea4f8afe107"
  integrity sha512-b8um+L1RzM3WDSzvhm6gIz1yfTbBt6YTlcEKAvsmqCZZFw46z626lVj9j1yEPW33H5H+lBQpZMP1k8l+78Ha0A==
  dependencies:
    fill-range "^7.0.1"

chalk@4.1.2:
  version "4.1.2"
  resolved "https://registry.yarnpkg.com/chalk/-/chalk-4.1.2.tgz#aac4e2b7734a740867aeb16bf02aad556a1e7a01"
  integrity sha512-oKnbhFyRIXpUuez8iBMmyEa4nbj4IOQyuhc/wy9kY7/WVPcwIO9VA668Pu8RkO7+0G76SLROeyw9CpQ061i4mA==
  dependencies:
    ansi-styles "^4.1.0"
    supports-color "^7.1.0"

color-convert@^2.0.1:
  version "2.0.1"
  resolved "https://registry.yarnpkg.com/color-convert/-/color-convert-2.0.1.tgz#72d3a68d598c9bdb3af2ad1e84f21d896abd4de3"
  integrity sha512-RRECPsj7iu/xb5oKYcsFHSppFNnsj/52OVTRKb4zP5onXwVF3zVmmToNcOfGC+CRDpfK/U584fMg38ZHCaElKQ==
  dependencies:
    color-name "~1.1.4"

color-name@~1.1.4:
  version "1.1.4"
  resolved "https://registry.yarnpkg.com/color-name/-/color-name-1.1.4.tgz#c2a09a87acbde69543de6f63fa3995c826c536a2"
  integrity sha512-dOy+3AuW3a2wNbZHIuMZpTcgjGuLU/uBL/ubcZF9OXbDo8ff4O8yVp5Bf0efS8uEoYo5q4Fx7dY9OgQGXgAsQA==

cross-fetch@3.1.4:
  version "3.1.4"
  resolved "https://registry.yarnpkg.com/cross-fetch/-/cross-fetch-3.1.4.tgz#9723f3a3a247bf8b89039f3a380a9244e8fa2f39"
  integrity sha512-1eAtFWdIubi6T4XPy6ei9iUFoKpUkIF971QLN8lIvvvwueI65+Nw5haMNKUwfJxabqlIIDODJKGrQ66gxC0PbQ==
  dependencies:
    node-fetch "2.6.1"

dataloader@2.0.0:
  version "2.0.0"
  resolved "https://registry.yarnpkg.com/dataloader/-/dataloader-2.0.0.tgz#41eaf123db115987e21ca93c005cd7753c55fe6f"
  integrity sha512-YzhyDAwA4TaQIhM5go+vCLmU0UikghC/t9DTQYZR2M/UvZ1MdOhPezSDZcjj9uqQJOMqjLcpWtyW2iNINdlatQ==

date-fns@2.25.0:
  version "2.25.0"
  resolved "https://registry.yarnpkg.com/date-fns/-/date-fns-2.25.0.tgz#8c5c8f1d958be3809a9a03f4b742eba894fc5680"
  integrity sha512-ovYRFnTrbGPD4nqaEqescPEv1mNwvt+UTqI3Ay9SzNtey9NZnYu6E2qCcBBgJ6/2VF1zGGygpyTDITqpQQ5e+w==

deepmerge@^4.2.2:
  version "4.2.2"
  resolved "https://registry.yarnpkg.com/deepmerge/-/deepmerge-4.2.2.tgz#44d2ea3679b8f4d4ffba33f03d865fc1e7bf4955"
  integrity sha512-FJ3UgI4gIl+PHZm53knsuSFpE+nESMr7M4v9QcgB7S63Kj/6WqMiFQJpBBYz1Pt+66bZpP3Q7Lye0Oo9MPKEdg==

fast-deep-equal@^3.1.1:
  version "3.1.3"
  resolved "https://registry.yarnpkg.com/fast-deep-equal/-/fast-deep-equal-3.1.3.tgz#3a7d56b559d6cbc3eb512325244e619a65c6c525"
  integrity sha512-f3qQ9oQy9j2AhBe/H9VC91wLmKBCCU/gDOnKNAYG5hswO7BLKj09Hc5HYNz9cGI++xlpDCIgDaitVs03ATR84Q==

fast-json-stable-stringify@^2.0.0:
  version "2.1.0"
  resolved "https://registry.yarnpkg.com/fast-json-stable-stringify/-/fast-json-stable-stringify-2.1.0.tgz#874bf69c6f404c2b5d99c481341399fd55892633"
  integrity sha512-lhd/wF+Lk98HZoTCtlVraHtfh5XYijIjalXck7saUtuanSDyLMxnHhSXEDJqHxD7msR8D0uCmqlkwjCV8xvwHw==

fast-json-stringify@^1.13.0:
  version "1.21.0"
  resolved "https://registry.yarnpkg.com/fast-json-stringify/-/fast-json-stringify-1.21.0.tgz#51bc8c6d77d8c7b2cc7e5fa754f7f909f9e1262f"
  integrity sha512-xY6gyjmHN3AK1Y15BCbMpeO9+dea5ePVsp3BouHCdukcx0hOHbXwFhRodhcI0NpZIgDChSeAKkHW9YjKvhwKBA==
  dependencies:
    ajv "^6.11.0"
    deepmerge "^4.2.2"
    string-similarity "^4.0.1"

fetchache@0.1.1:
  version "0.1.1"
  resolved "https://registry.yarnpkg.com/fetchache/-/fetchache-0.1.1.tgz#013eef193b4a219a355dea5ca02a720565d8bcdc"
  integrity sha512-ots7Jv408zPDxCaKGTeRajzuiullinmfzzLV/dA+U81BQTtbspCiy/GTHPekIIyWAkKvP/GYP0WVKzF6ljtdEg==
  dependencies:
    flatstr "1.0.12"
    http-cache-semantics "4.1.0"

fill-range@^7.0.1:
  version "7.0.1"
  resolved "https://registry.yarnpkg.com/fill-range/-/fill-range-7.0.1.tgz#1919a6a7c75fe38b2c7c77e5198535da9acdda40"
  integrity sha512-qOo9F+dMUmC2Lcb4BbVvnKJxTPjCm+RRpe4gDuGrzkL7mEVl/djYSu2OdQ2Pa302N4oqkSg9ir6jaLWJ2USVpQ==
  dependencies:
    to-regex-range "^5.0.1"

flatstr@1.0.12:
  version "1.0.12"
  resolved "https://registry.yarnpkg.com/flatstr/-/flatstr-1.0.12.tgz#c2ba6a08173edbb6c9640e3055b95e287ceb5931"
  integrity sha512-4zPxDyhCyiN2wIAtSLI6gc82/EjqZc1onI4Mz/l0pWrAlsSfYH/2ZIcU+e3oA2wDwbzIWNKwa23F8rh6+DRWkw==

generate-function@^2.3.1:
  version "2.3.1"
  resolved "https://registry.yarnpkg.com/generate-function/-/generate-function-2.3.1.tgz#f069617690c10c868e73b8465746764f97c3479f"
  integrity sha512-eeB5GfMNeevm/GRYq20ShmsaGcmI81kIX2K9XQx5miC8KdHaC6Jm0qQ8ZNeGOi7wYB8OsdxKs+Y2oVuTFuVwKQ==
  dependencies:
    is-property "^1.0.2"

graphql-jit@0.6.0:
  version "0.6.0"
  resolved "https://registry.yarnpkg.com/graphql-jit/-/graphql-jit-0.6.0.tgz#33e7ed3959eca5754b3fbcc44e31a68538b0b028"
  integrity sha512-jyn9M0Hib9tIy+hvwvRAI5DlO6c7ZpzZcJdFsTPZJaleE+SV+OEB/81ez0S7DZsJ0MdVVkRVBgiCrZQD/oFO6Q==
  dependencies:
    fast-json-stringify "^1.13.0"
    generate-function "^2.3.1"
    json-schema "^0.2.3"
    lodash.memoize "^4.1.2"
    lodash.merge "4.6.2"
    lodash.mergewith "4.6.2"

graphql-subscriptions@1.2.1:
  version "1.2.1"
  resolved "https://registry.yarnpkg.com/graphql-subscriptions/-/graphql-subscriptions-1.2.1.tgz#2142b2d729661ddf967b7388f7cf1dd4cf2e061d"
  integrity sha512-95yD/tKi24q8xYa7Q9rhQN16AYj5wPbrb8tmHGM3WRc9EBmWrG/0kkMl+tQG8wcEuE9ibR4zyOM31p5Sdr2v4g==
  dependencies:
    iterall "^1.3.0"

graphql@^15.6.1:
  version "15.6.1"
  resolved "https://registry.yarnpkg.com/graphql/-/graphql-15.6.1.tgz#9125bdf057553525da251e19e96dab3d3855ddfc"
  integrity sha512-3i5lu0z6dRvJ48QP9kFxBkJ7h4Kso7PS8eahyTFz5Jm6CvQfLtNIE8LX9N6JLnXTuwR+sIYnXzaWp6anOg0QQw==

has-flag@^4.0.0:
  version "4.0.0"
  resolved "https://registry.yarnpkg.com/has-flag/-/has-flag-4.0.0.tgz#944771fd9c81c81265c4d6941860da06bb59479b"
  integrity sha512-EykJT/Q1KjTWctppgIAgfSO0tKVuZUjhgMr17kqTumMl6Afv3EISleU7qZUzoXDFTAHTDC4NOoG/ZxU3EvlMPQ==

http-cache-semantics@4.1.0:
  version "4.1.0"
  resolved "https://registry.yarnpkg.com/http-cache-semantics/-/http-cache-semantics-4.1.0.tgz#49e91c5cbf36c9b94bcfcd71c23d5249ec74e390"
  integrity sha512-carPklcUh7ROWRK7Cv27RPtdhYhUsela/ue5/jKzjegVvXDqM2ILE9Q2BGn9JZJh1g87cp56su/FgQSzcWS8cQ==

is-number@^7.0.0:
  version "7.0.0"
  resolved "https://registry.yarnpkg.com/is-number/-/is-number-7.0.0.tgz#7535345b896734d5f80c4d06c50955527a14f12b"
  integrity sha512-41Cifkg6e8TylSpdtTpeLVMqvSBEVzTttHvERD741+pnZ8ANv0004MRL43QKPDlK9cGvNp6NZWZUBlbGXYxxng==

is-property@^1.0.2:
  version "1.0.2"
  resolved "https://registry.yarnpkg.com/is-property/-/is-property-1.0.2.tgz#57fe1c4e48474edd65b09911f26b1cd4095dda84"
  integrity sha1-V/4cTkhHTt1lsJkR8msc1Ald2oQ=

is-url@1.2.4:
  version "1.2.4"
  resolved "https://registry.yarnpkg.com/is-url/-/is-url-1.2.4.tgz#04a4df46d28c4cff3d73d01ff06abeb318a1aa52"
  integrity sha512-ITvGim8FhRiYe4IQ5uHSkj7pVaPDrCTkNd3yq3cV7iZAcJdHTUMPMEHcqSOy9xZ9qFenQCvi+2wjH9a1nXqHww==

iterall@^1.3.0:
  version "1.3.0"
  resolved "https://registry.yarnpkg.com/iterall/-/iterall-1.3.0.tgz#afcb08492e2915cbd8a0884eb93a8c94d0d72fea"
  integrity sha512-QZ9qOMdF+QLHxy1QIpUHUU1D5pS2CG2P69LF6L6CPjPYA/XMOmKV3PZpawHoAjHNyB0swdVTRxdYT4tbBbxqwg==

js-yaml@4.1.0:
  version "4.1.0"
  resolved "https://registry.yarnpkg.com/js-yaml/-/js-yaml-4.1.0.tgz#c1fb65f8f5017901cdd2c951864ba18458a10602"
  integrity sha512-wpxZs9NoxZaJESJGIZTyDEaYpl0FKSA+FB9aJiyemKhMwkxQg63h4T1KJgUGHpTqPDNRcmmYLugrRjJlBtWvRA==
  dependencies:
    argparse "^2.0.1"

json-schema-traverse@^0.4.1:
  version "0.4.1"
  resolved "https://registry.yarnpkg.com/json-schema-traverse/-/json-schema-traverse-0.4.1.tgz#69f6a87d9513ab8bb8fe63bdb0979c448e684660"
  integrity sha512-xbbCH5dCYU5T8LcEhhuh7HJ88HXuW3qsI3Y0zOZFKfZEHcpWiHU/Jxzk629Brsab/mMiHQti9wMP+845RPe3Vg==

json-schema@^0.2.3:
  version "0.2.5"
  resolved "https://registry.yarnpkg.com/json-schema/-/json-schema-0.2.5.tgz#97997f50972dd0500214e208c407efa4b5d7063b"
  integrity sha512-gWJOWYFrhQ8j7pVm0EM8Slr+EPVq1Phf6lvzvD/WCeqkrx/f2xBI0xOsRRS9xCn3I4vKtP519dvs3TP09r24wQ==

lodash.memoize@^4.1.2:
  version "4.1.2"
  resolved "https://registry.yarnpkg.com/lodash.memoize/-/lodash.memoize-4.1.2.tgz#bcc6c49a42a2840ed997f323eada5ecd182e0bfe"
  integrity sha1-vMbEmkKihA7Zl/Mj6tpezRguC/4=

lodash.merge@4.6.2:
  version "4.6.2"
  resolved "https://registry.yarnpkg.com/lodash.merge/-/lodash.merge-4.6.2.tgz#558aa53b43b661e1925a0afdfa36a9a1085fe57a"
  integrity sha512-0KpjqXRVvrYyCsX1swR/XTK0va6VQkQM6MNo7PqW77ByjAhoARA8EfrP1N4+KlKj8YS0ZUCtRT/YUuhyYDujIQ==

lodash.mergewith@4.6.2:
  version "4.6.2"
  resolved "https://registry.yarnpkg.com/lodash.mergewith/-/lodash.mergewith-4.6.2.tgz#617121f89ac55f59047c7aec1ccd6654c6590f55"
  integrity sha512-GK3g5RPZWTRSeLSpgP8Xhra+pnjBC56q9FZYe1d5RN3TJ35dbkGy3YqBSMbyCrlbi+CM9Z3Jk5yTL7RCsqboyQ==

lodash@4.17.21, lodash@^4.17.21:
  version "4.17.21"
  resolved "https://registry.yarnpkg.com/lodash/-/lodash-4.17.21.tgz#679591c564c3bffaae8454cf0b3df370c3d6911c"
  integrity sha512-v2kDEe57lecTulaDIuNTPy3Ry4gLGJ6Z1O3vE1krgXZNrsQ+LFTGHVxVjcXPs17LhbZVGedAJv8XZ1tvj5FvSg==

micromatch@^4.0.4:
  version "4.0.4"
  resolved "https://registry.yarnpkg.com/micromatch/-/micromatch-4.0.4.tgz#896d519dfe9db25fce94ceb7a500919bf881ebf9"
  integrity sha512-pRmzw/XUcwXGpD9aI9q/0XOwLNygjETJ8y0ao0wdqprrzDa4YnxLcz7fQRZr8voh8V10kGhABbNcHVk5wHgWwg==
  dependencies:
    braces "^3.0.1"
    picomatch "^2.2.3"

node-fetch@2.6.1:
  version "2.6.1"
  resolved "https://registry.yarnpkg.com/node-fetch/-/node-fetch-2.6.1.tgz#045bd323631f76ed2e2b55573394416b639a0052"
  integrity sha512-V4aYg89jEoVRxRb2fJdAg8FHvI7cEyYdVAh94HH0UIK8oJxUfkjlDQN9RbMx+bEjP7+ggMiFRprSti032Oipxw==

object-hash@2.2.0:
  version "2.2.0"
  resolved "https://registry.yarnpkg.com/object-hash/-/object-hash-2.2.0.tgz#5ad518581eefc443bd763472b8ff2e9c2c0d54a5"
  integrity sha512-gScRMn0bS5fH+IuwyIFgnh9zBdo4DV+6GhygmWM9HyNJSgS0hScp1f5vjtm7oIIOiT9trXrShAkLFSc2IqKNgw==

picomatch@^2.2.3:
  version "2.3.0"
  resolved "https://registry.yarnpkg.com/picomatch/-/picomatch-2.3.0.tgz#f1f061de8f6a4bf022892e2d128234fb98302972"
  integrity sha512-lY1Q/PiJGC2zOv/z391WOTD+Z02bCgsFfvxoXXf6h7kv9o+WmsmzYqrAwY63sNgOxE4xEdq0WyUnXfKeBrSvYw==

punycode@^2.1.0:
  version "2.1.1"
  resolved "https://registry.yarnpkg.com/punycode/-/punycode-2.1.1.tgz#b58b010ac40c22c5657616c8d2c2c02c7bf479ec"
  integrity sha512-XRsRjdf+j5ml+y/6GKHPZbrF/8p2Yga0JPtdqTIY2Xe5ohJPD9saDJJLPvp9+NSBprVvevdXZybnj2cv8OEd0A==

string-similarity@^4.0.1:
  version "4.0.4"
  resolved "https://registry.yarnpkg.com/string-similarity/-/string-similarity-4.0.4.tgz#42d01ab0b34660ea8a018da8f56a3309bb8b2a5b"
  integrity sha512-/q/8Q4Bl4ZKAPjj8WerIBJWALKkaPRfrvhfF8k/B23i4nzrlRj2/go1m90In7nG/3XDSbOo0+pu6RvCTM9RGMQ==

supports-color@^7.1.0:
  version "7.2.0"
  resolved "https://registry.yarnpkg.com/supports-color/-/supports-color-7.2.0.tgz#1b7dcdcb32b8138801b3e478ba6a51caa89648da"
  integrity sha512-qpCAvRl9stuOHveKsn7HncJRvv501qIacKzQlO/+Lwxc9+0q2wLyv4Dfvt80/DPn2pqOBsJdDiogXGR9+OvwRw==
  dependencies:
    has-flag "^4.0.0"

tiny-lru@7.0.6:
  version "7.0.6"
  resolved "https://registry.yarnpkg.com/tiny-lru/-/tiny-lru-7.0.6.tgz#b0c3cdede1e5882aa2d1ae21cb2ceccf2a331f24"
  integrity sha512-zNYO0Kvgn5rXzWpL0y3RS09sMK67eGaQj9805jlK9G6pSadfriTczzLHFXa/xcW4mIRfmlB9HyQ/+SgL0V1uow==

to-regex-range@^5.0.1:
  version "5.0.1"
  resolved "https://registry.yarnpkg.com/to-regex-range/-/to-regex-range-5.0.1.tgz#1648c44aae7c8d988a326018ed72f5b4dd0392e4"
  integrity sha512-65P7iz6X5yEr1cwcgvQxbbIw7Uk3gOy5dIdtZ4rDveLqhrdJP+Li/Hx6tyK0NEb+2GCyneCMJiGqrADCSNk8sQ==
  dependencies:
    is-number "^7.0.0"

tslib@~2.3.0:
  version "2.3.1"
  resolved "https://registry.yarnpkg.com/tslib/-/tslib-2.3.1.tgz#e8a335add5ceae51aa261d32a490158ef042ef01"
  integrity sha512-77EbyPPpMz+FRFRuAFlWMtmgUWGe9UOG2Z25NqCwiIjRhOf5iKGuzSe5P2w1laq+FkRy4p+PCuVkJSGkzTEKVw==

uri-js@^4.2.2:
  version "4.4.1"
  resolved "https://registry.yarnpkg.com/uri-js/-/uri-js-4.4.1.tgz#9b1a52595225859e55f669d928f88c6c57f2a77e"
  integrity sha512-7rKUyy33Q1yc98pQ1DAmLtwX109F7TIfWlW1Ydo8Wl1ii1SeHieeh0HHfPeL2fMXK6z0s8ecKs9frCuLJvndBg==
  dependencies:
    punycode "^2.1.0"

value-or-promise@1.0.10:
  version "1.0.10"
  resolved "https://registry.yarnpkg.com/value-or-promise/-/value-or-promise-1.0.10.tgz#5bf041f1e9a8e7043911875547636768a836e446"
  integrity sha512-1OwTzvcfXkAfabk60UVr5NdjtjJ0Fg0T5+B1bhxtrOEwSH2fe8y4DnLgoksfCyd8yZCOQQHB0qLMQnwgCjbXLQ==
